{
    "name": "core",
    "lockfileVersion": 3,
    "requires": true,
    "packages": {
        "": {
            "name": "core",
            "dependencies": {
                "core": "file:"
            }
        },
        "node_modules/core": {
            "resolved": "",
            "link": true
        }
    }
}
